
Microsoft Visual Studio Solution File, Format Version 12.00
# Visual Studio Version 16
VisualStudioVersion = 16.0.30503.244
MinimumVisualStudioVersion = 10.0.40219.1
Project("{9A19103F-16F7-4668-BE54-9A1E7A4F7556}") = "testeGrupoFleuryAPI", "testeGrupoFleuryAPI\testeGrupoFleuryAPI.csproj", "{EA576D1F-4E47-46A4-911E-C7C68A0E5FA2}"
EndProject
Project("{9A19103F-16F7-4668-BE54-9A1E7A4F7556}") = "testeGrupoFleuryAPI.Dominio", "GrupoFleury.Dominio\testeGrupoFleuryAPI.Dominio.csproj", "{CB8D3BAB-82FA-4020-9183-3F5EAE9F7A8F}"
EndProject
Project("{9A19103F-16F7-4668-BE54-9A1E7A4F7556}") = "testeGrupoFleuryAPI.Repository", "TesteGrupoFleury.Repository\testeGrupoFleuryAPI.Repository.csproj", "{B60FE3C6-C64E-4EAD-AE61-70E0B6E60F6D}"
EndProject
Global
	GlobalSection(SolutionConfigurationPlatforms) = preSolution
		Debug|Any CPU = Debug|Any CPU
		Release|Any CPU = Release|Any CPU
	EndGlobalSection
	GlobalSection(ProjectConfigurationPlatforms) = postSolution
		{EA576D1F-4E47-46A4-911E-C7C68A0E5FA2}.Debug|Any CPU.ActiveCfg = Debug|Any CPU
		{EA576D1F-4E47-46A4-911E-C7C68A0E5FA2}.Debug|Any CPU.Build.0 = Debug|Any CPU
		{EA576D1F-4E47-46A4-911E-C7C68A0E5FA2}.Release|Any CPU.ActiveCfg = Release|Any CPU
		{EA576D1F-4E47-46A4-911E-C7C68A0E5FA2}.Release|Any CPU.Build.0 = Release|Any CPU
		{CB8D3BAB-82FA-4020-9183-3F5EAE9F7A8F}.Debug|Any CPU.ActiveCfg = Debug|Any CPU
		{CB8D3BAB-82FA-4020-9183-3F5EAE9F7A8F}.Debug|Any CPU.Build.0 = Debug|Any CPU
		{CB8D3BAB-82FA-4020-9183-3F5EAE9F7A8F}.Release|Any CPU.ActiveCfg = Release|Any CPU
		{CB8D3BAB-82FA-4020-9183-3F5EAE9F7A8F}.Release|Any CPU.Build.0 = Release|Any CPU
		{B60FE3C6-C64E-4EAD-AE61-70E0B6E60F6D}.Debug|Any CPU.ActiveCfg = Debug|Any CPU
		{B60FE3C6-C64E-4EAD-AE61-70E0B6E60F6D}.Debug|Any CPU.Build.0 = Debug|Any CPU
		{B60FE3C6-C64E-4EAD-AE61-70E0B6E60F6D}.Release|Any CPU.ActiveCfg = Release|Any CPU
		{B60FE3C6-C64E-4EAD-AE61-70E0B6E60F6D}.Release|Any CPU.Build.0 = Release|Any CPU
	EndGlobalSection
	GlobalSection(SolutionProperties) = preSolution
		HideSolutionNode = FALSE
	EndGlobalSection
	GlobalSection(ExtensibilityGlobals) = postSolution
		SolutionGuid = {2572D875-36CC-459B-94E6-F4EAE211C4B0}
	EndGlobalSection
EndGlobal
